
Microsoft Visual Studio Solution File, Format Version 12.00
# Visual Studio Version 17
VisualStudioVersion = 17.10.35027.167
MinimumVisualStudioVersion = 10.0.40219.1
Project("{9A19103F-16F7-4668-BE54-9A1E7A4F7556}") = "OctbitEditor", "OctbitEditor\OctbitEditor.csproj", "{19863F8A-5508-49D6-AC73-1EF78C05E5C7}"
EndProject
Project("{9A19103F-16F7-4668-BE54-9A1E7A4F7556}") = "CommonView", "CommonView\CommonView.csproj", "{FBC6F6EA-BCAD-4303-A421-8975C5A10A4A}"
EndProject
Project("{9A19103F-16F7-4668-BE54-9A1E7A4F7556}") = "Common", "Common\Common.csproj", "{FCEBE67D-86A6-4351-A14D-BEAAF9CC9ED2}"
EndProject
Project("{9A19103F-16F7-4668-BE54-9A1E7A4F7556}") = "OctbitEngine", "OctbitEngine\OctbitEngine.csproj", "{7ACC4947-BCAA-4022-B43E-042C45010649}"
EndProject
Project("{FAE04EC0-301F-11D3-BF4B-00C04F79EFBC}") = "OctbitEngineAPI", "OctbitEngineAPI\OctbitEngineAPI.csproj", "{9F74FED1-D087-4257-AF3F-B82C1F7C7944}"
EndProject
Global
	GlobalSection(SolutionConfigurationPlatforms) = preSolution
		Debug|Any CPU = Debug|Any CPU
		Release|Any CPU = Release|Any CPU
	EndGlobalSection
	GlobalSection(ProjectConfigurationPlatforms) = postSolution
		{19863F8A-5508-49D6-AC73-1EF78C05E5C7}.Debug|Any CPU.ActiveCfg = Debug|Any CPU
		{19863F8A-5508-49D6-AC73-1EF78C05E5C7}.Debug|Any CPU.Build.0 = Debug|Any CPU
		{19863F8A-5508-49D6-AC73-1EF78C05E5C7}.Release|Any CPU.ActiveCfg = Release|Any CPU
		{19863F8A-5508-49D6-AC73-1EF78C05E5C7}.Release|Any CPU.Build.0 = Release|Any CPU
		{FBC6F6EA-BCAD-4303-A421-8975C5A10A4A}.Debug|Any CPU.ActiveCfg = Debug|Any CPU
		{FBC6F6EA-BCAD-4303-A421-8975C5A10A4A}.Debug|Any CPU.Build.0 = Debug|Any CPU
		{FBC6F6EA-BCAD-4303-A421-8975C5A10A4A}.Release|Any CPU.ActiveCfg = Release|Any CPU
		{FBC6F6EA-BCAD-4303-A421-8975C5A10A4A}.Release|Any CPU.Build.0 = Release|Any CPU
		{FCEBE67D-86A6-4351-A14D-BEAAF9CC9ED2}.Debug|Any CPU.ActiveCfg = Debug|Any CPU
		{FCEBE67D-86A6-4351-A14D-BEAAF9CC9ED2}.Debug|Any CPU.Build.0 = Debug|Any CPU
		{FCEBE67D-86A6-4351-A14D-BEAAF9CC9ED2}.Release|Any CPU.ActiveCfg = Release|Any CPU
		{FCEBE67D-86A6-4351-A14D-BEAAF9CC9ED2}.Release|Any CPU.Build.0 = Release|Any CPU
		{7ACC4947-BCAA-4022-B43E-042C45010649}.Debug|Any CPU.ActiveCfg = Debug|Any CPU
		{7ACC4947-BCAA-4022-B43E-042C45010649}.Debug|Any CPU.Build.0 = Debug|Any CPU
		{7ACC4947-BCAA-4022-B43E-042C45010649}.Release|Any CPU.ActiveCfg = Release|Any CPU
		{7ACC4947-BCAA-4022-B43E-042C45010649}.Release|Any CPU.Build.0 = Release|Any CPU
		{9F74FED1-D087-4257-AF3F-B82C1F7C7944}.Debug|Any CPU.ActiveCfg = Debug|Any CPU
		{9F74FED1-D087-4257-AF3F-B82C1F7C7944}.Debug|Any CPU.Build.0 = Debug|Any CPU
		{9F74FED1-D087-4257-AF3F-B82C1F7C7944}.Release|Any CPU.ActiveCfg = Release|Any CPU
		{9F74FED1-D087-4257-AF3F-B82C1F7C7944}.Release|Any CPU.Build.0 = Release|Any CPU
	EndGlobalSection
	GlobalSection(SolutionProperties) = preSolution
		HideSolutionNode = FALSE
	EndGlobalSection
	GlobalSection(ExtensibilityGlobals) = postSolution
		SolutionGuid = {5DAFC363-9E9F-4C40-977B-5B04FEE04297}
	EndGlobalSection
EndGlobal
