
Microsoft Visual Studio Solution File, Format Version 12.00
# Visual Studio Version 17
VisualStudioVersion = 17.10.35027.167
MinimumVisualStudioVersion = 10.0.40219.1
Project("{9A19103F-16F7-4668-BE54-9A1E7A4F7556}") = "OctbitEditor", "OctbitEditor\OctbitEditor.csproj", "{19863F8A-5508-49D6-AC73-1EF78C05E5C7}"
EndProject
Project("{9A19103F-16F7-4668-BE54-9A1E7A4F7556}") = "CommonView", "CommonView\CommonView.csproj", "{FBC6F6EA-BCAD-4303-A421-8975C5A10A4A}"
EndProject
Project("{9A19103F-16F7-4668-BE54-9A1E7A4F7556}") = "Common", "Common\Common.csproj", "{FCEBE67D-86A6-4351-A14D-BEAAF9CC9ED2}"
EndProject
Project("{9A19103F-16F7-4668-BE54-9A1E7A4F7556}") = "OctbitEngine", "OctbitEngine\OctbitEngine.csproj", "{7ACC4947-BCAA-4022-B43E-042C45010649}"
	ProjectSection(ProjectDependencies) = postProject
		{C379E6F8-0A13-4AF8-B60E-5A4CB3B336B6} = {C379E6F8-0A13-4AF8-B60E-5A4CB3B336B6}
		{F9E8C352-2E65-46ED-ADC4-59841279F97A} = {F9E8C352-2E65-46ED-ADC4-59841279F97A}
	EndProjectSection
EndProject
Project("{9A19103F-16F7-4668-BE54-9A1E7A4F7556}") = "OctbitEngineAPI", "OctbitEngineAPI\OctbitEngineAPI.csproj", "{9F74FED1-D087-4257-AF3F-B82C1F7C7944}"
EndProject
Project("{9A19103F-16F7-4668-BE54-9A1E7A4F7556}") = "OctbitEngine.Texture", "OctbitEngine.Texture\OctbitEngine.Texture.csproj", "{F9E8C352-2E65-46ED-ADC4-59841279F97A}"
EndProject
Project("{9A19103F-16F7-4668-BE54-9A1E7A4F7556}") = "OctbitLauncher", "OctbitLauncher\OctbitLauncher.csproj", "{F53CC651-5158-4F16-A7BA-07FBCFEB9164}"
EndProject
Project("{2150E333-8FDC-42A3-9474-1A3956D46DE8}") = "Base", "Base", "{D93FD1F2-DAD9-4249-AB80-6848E0D81745}"
EndProject
Project("{2150E333-8FDC-42A3-9474-1A3956D46DE8}") = "Plugins", "Plugins", "{D31CC744-6831-469A-9A12-A3789E026291}"
EndProject
Project("{2150E333-8FDC-42A3-9474-1A3956D46DE8}") = "Texture", "Texture", "{52A6B411-4EA0-4B67-82C4-EC478C5CC734}"
EndProject
Project("{9A19103F-16F7-4668-BE54-9A1E7A4F7556}") = "OctbitEngineAPI.Texture", "OctbitEngineAPI.Texture\OctbitEngineAPI.Texture.csproj", "{CA636B86-7CB8-4903-BC73-23C0B6A09CD1}"
EndProject
Project("{2150E333-8FDC-42A3-9474-1A3956D46DE8}") = "Model", "Model", "{D8BD6930-DD62-4DFB-BF0B-D05CC6E7EAFF}"
EndProject
Project("{FAE04EC0-301F-11D3-BF4B-00C04F79EFBC}") = "OctbitEngine.Model", "OctbitEngineAPI.Model\OctbitEngine.Model.csproj", "{C379E6F8-0A13-4AF8-B60E-5A4CB3B336B6}"
EndProject
Project("{FAE04EC0-301F-11D3-BF4B-00C04F79EFBC}") = "OctbitEngine2", "OctbitEngine2\OctbitEngine2.csproj", "{8EF0E493-63FD-4921-9235-876379C01C20}"
EndProject
Project("{FAE04EC0-301F-11D3-BF4B-00C04F79EFBC}") = "OctbitEngine2.Test", "OctbitEngine2.Test\OctbitEngine2.Test.csproj", "{E051C9E3-5AEF-475C-B0B0-C2E9262D3042}"
EndProject
Global
	GlobalSection(SolutionConfigurationPlatforms) = preSolution
		Debug|Any CPU = Debug|Any CPU
		Release|Any CPU = Release|Any CPU
	EndGlobalSection
	GlobalSection(ProjectConfigurationPlatforms) = postSolution
		{19863F8A-5508-49D6-AC73-1EF78C05E5C7}.Debug|Any CPU.ActiveCfg = Debug|Any CPU
		{19863F8A-5508-49D6-AC73-1EF78C05E5C7}.Debug|Any CPU.Build.0 = Debug|Any CPU
		{19863F8A-5508-49D6-AC73-1EF78C05E5C7}.Release|Any CPU.ActiveCfg = Release|Any CPU
		{19863F8A-5508-49D6-AC73-1EF78C05E5C7}.Release|Any CPU.Build.0 = Release|Any CPU
		{FBC6F6EA-BCAD-4303-A421-8975C5A10A4A}.Debug|Any CPU.ActiveCfg = Debug|Any CPU
		{FBC6F6EA-BCAD-4303-A421-8975C5A10A4A}.Debug|Any CPU.Build.0 = Debug|Any CPU
		{FBC6F6EA-BCAD-4303-A421-8975C5A10A4A}.Release|Any CPU.ActiveCfg = Release|Any CPU
		{FBC6F6EA-BCAD-4303-A421-8975C5A10A4A}.Release|Any CPU.Build.0 = Release|Any CPU
		{FCEBE67D-86A6-4351-A14D-BEAAF9CC9ED2}.Debug|Any CPU.ActiveCfg = Debug|Any CPU
		{FCEBE67D-86A6-4351-A14D-BEAAF9CC9ED2}.Debug|Any CPU.Build.0 = Debug|Any CPU
		{FCEBE67D-86A6-4351-A14D-BEAAF9CC9ED2}.Release|Any CPU.ActiveCfg = Release|Any CPU
		{FCEBE67D-86A6-4351-A14D-BEAAF9CC9ED2}.Release|Any CPU.Build.0 = Release|Any CPU
		{7ACC4947-BCAA-4022-B43E-042C45010649}.Debug|Any CPU.ActiveCfg = Debug|Any CPU
		{7ACC4947-BCAA-4022-B43E-042C45010649}.Debug|Any CPU.Build.0 = Debug|Any CPU
		{7ACC4947-BCAA-4022-B43E-042C45010649}.Release|Any CPU.ActiveCfg = Release|Any CPU
		{7ACC4947-BCAA-4022-B43E-042C45010649}.Release|Any CPU.Build.0 = Release|Any CPU
		{9F74FED1-D087-4257-AF3F-B82C1F7C7944}.Debug|Any CPU.ActiveCfg = Debug|Any CPU
		{9F74FED1-D087-4257-AF3F-B82C1F7C7944}.Debug|Any CPU.Build.0 = Debug|Any CPU
		{9F74FED1-D087-4257-AF3F-B82C1F7C7944}.Release|Any CPU.ActiveCfg = Release|Any CPU
		{9F74FED1-D087-4257-AF3F-B82C1F7C7944}.Release|Any CPU.Build.0 = Release|Any CPU
		{F9E8C352-2E65-46ED-ADC4-59841279F97A}.Debug|Any CPU.ActiveCfg = Debug|Any CPU
		{F9E8C352-2E65-46ED-ADC4-59841279F97A}.Debug|Any CPU.Build.0 = Debug|Any CPU
		{F9E8C352-2E65-46ED-ADC4-59841279F97A}.Release|Any CPU.ActiveCfg = Release|Any CPU
		{F9E8C352-2E65-46ED-ADC4-59841279F97A}.Release|Any CPU.Build.0 = Release|Any CPU
		{F53CC651-5158-4F16-A7BA-07FBCFEB9164}.Debug|Any CPU.ActiveCfg = Debug|Any CPU
		{F53CC651-5158-4F16-A7BA-07FBCFEB9164}.Debug|Any CPU.Build.0 = Debug|Any CPU
		{F53CC651-5158-4F16-A7BA-07FBCFEB9164}.Release|Any CPU.ActiveCfg = Release|Any CPU
		{F53CC651-5158-4F16-A7BA-07FBCFEB9164}.Release|Any CPU.Build.0 = Release|Any CPU
		{CA636B86-7CB8-4903-BC73-23C0B6A09CD1}.Debug|Any CPU.ActiveCfg = Debug|Any CPU
		{CA636B86-7CB8-4903-BC73-23C0B6A09CD1}.Debug|Any CPU.Build.0 = Debug|Any CPU
		{CA636B86-7CB8-4903-BC73-23C0B6A09CD1}.Release|Any CPU.ActiveCfg = Release|Any CPU
		{CA636B86-7CB8-4903-BC73-23C0B6A09CD1}.Release|Any CPU.Build.0 = Release|Any CPU
		{C379E6F8-0A13-4AF8-B60E-5A4CB3B336B6}.Debug|Any CPU.ActiveCfg = Debug|Any CPU
		{C379E6F8-0A13-4AF8-B60E-5A4CB3B336B6}.Debug|Any CPU.Build.0 = Debug|Any CPU
		{C379E6F8-0A13-4AF8-B60E-5A4CB3B336B6}.Release|Any CPU.ActiveCfg = Release|Any CPU
		{C379E6F8-0A13-4AF8-B60E-5A4CB3B336B6}.Release|Any CPU.Build.0 = Release|Any CPU
		{8EF0E493-63FD-4921-9235-876379C01C20}.Debug|Any CPU.ActiveCfg = Debug|Any CPU
		{8EF0E493-63FD-4921-9235-876379C01C20}.Debug|Any CPU.Build.0 = Debug|Any CPU
		{8EF0E493-63FD-4921-9235-876379C01C20}.Release|Any CPU.ActiveCfg = Release|Any CPU
		{8EF0E493-63FD-4921-9235-876379C01C20}.Release|Any CPU.Build.0 = Release|Any CPU
		{E051C9E3-5AEF-475C-B0B0-C2E9262D3042}.Debug|Any CPU.ActiveCfg = Debug|Any CPU
		{E051C9E3-5AEF-475C-B0B0-C2E9262D3042}.Debug|Any CPU.Build.0 = Debug|Any CPU
		{E051C9E3-5AEF-475C-B0B0-C2E9262D3042}.Release|Any CPU.ActiveCfg = Release|Any CPU
		{E051C9E3-5AEF-475C-B0B0-C2E9262D3042}.Release|Any CPU.Build.0 = Release|Any CPU
	EndGlobalSection
	GlobalSection(SolutionProperties) = preSolution
		HideSolutionNode = FALSE
	EndGlobalSection
	GlobalSection(NestedProjects) = preSolution
		{FBC6F6EA-BCAD-4303-A421-8975C5A10A4A} = {D93FD1F2-DAD9-4249-AB80-6848E0D81745}
		{FCEBE67D-86A6-4351-A14D-BEAAF9CC9ED2} = {D93FD1F2-DAD9-4249-AB80-6848E0D81745}
		{F9E8C352-2E65-46ED-ADC4-59841279F97A} = {52A6B411-4EA0-4B67-82C4-EC478C5CC734}
		{52A6B411-4EA0-4B67-82C4-EC478C5CC734} = {D31CC744-6831-469A-9A12-A3789E026291}
		{CA636B86-7CB8-4903-BC73-23C0B6A09CD1} = {52A6B411-4EA0-4B67-82C4-EC478C5CC734}
		{D8BD6930-DD62-4DFB-BF0B-D05CC6E7EAFF} = {D31CC744-6831-469A-9A12-A3789E026291}
		{C379E6F8-0A13-4AF8-B60E-5A4CB3B336B6} = {D8BD6930-DD62-4DFB-BF0B-D05CC6E7EAFF}
	EndGlobalSection
	GlobalSection(ExtensibilityGlobals) = postSolution
		SolutionGuid = {5DAFC363-9E9F-4C40-977B-5B04FEE04297}
	EndGlobalSection
EndGlobal
